
Microsoft Visual Studio Solution File, Format Version 12.00
# Visual Studio 15
VisualStudioVersion = 15.0.27004.2009
MinimumVisualStudioVersion = 10.0.40219.1
Project("{FAE04EC0-301F-11D3-BF4B-00C04F79EFBC}") = "DemoBluetooth.Android", "DemoBluetooth\DemoBluetooth.Android\DemoBluetooth.Android.csproj", "{79A7693D-6017-47DE-9336-E739D9C666AE}"
EndProject
Project("{FAE04EC0-301F-11D3-BF4B-00C04F79EFBC}") = "DemoBluetooth", "DemoBluetooth\DemoBluetooth\DemoBluetooth.csproj", "{808F68FC-8AAA-44CC-8A94-B4B11E8EE587}"
EndProject
Project("{FAE04EC0-301F-11D3-BF4B-00C04F79EFBC}") = "DemoBluetooth.iOS", "DemoBluetooth\DemoBluetooth.iOS\DemoBluetooth.iOS.csproj", "{83477261-AF21-407F-AC7F-A8EC18E95A89}"
EndProject
Global
	GlobalSection(SolutionConfigurationPlatforms) = preSolution
		Ad-Hoc|Any CPU = Ad-Hoc|Any CPU
		Ad-Hoc|ARM = Ad-Hoc|ARM
		Ad-Hoc|iPhone = Ad-Hoc|iPhone
		Ad-Hoc|iPhoneSimulator = Ad-Hoc|iPhoneSimulator
		Ad-Hoc|x64 = Ad-Hoc|x64
		Ad-Hoc|x86 = Ad-Hoc|x86
		AppStore|Any CPU = AppStore|Any CPU
		AppStore|ARM = AppStore|ARM
		AppStore|iPhone = AppStore|iPhone
		AppStore|iPhoneSimulator = AppStore|iPhoneSimulator
		AppStore|x64 = AppStore|x64
		AppStore|x86 = AppStore|x86
		Debug|Any CPU = Debug|Any CPU
		Debug|ARM = Debug|ARM
		Debug|iPhone = Debug|iPhone
		Debug|iPhoneSimulator = Debug|iPhoneSimulator
		Debug|x64 = Debug|x64
		Debug|x86 = Debug|x86
		Release|Any CPU = Release|Any CPU
		Release|ARM = Release|ARM
		Release|iPhone = Release|iPhone
		Release|iPhoneSimulator = Release|iPhoneSimulator
		Release|x64 = Release|x64
		Release|x86 = Release|x86
	EndGlobalSection
	GlobalSection(ProjectConfigurationPlatforms) = postSolution
		{79A7693D-6017-47DE-9336-E739D9C666AE}.Ad-Hoc|Any CPU.ActiveCfg = Release|Any CPU
		{79A7693D-6017-47DE-9336-E739D9C666AE}.Ad-Hoc|Any CPU.Build.0 = Release|Any CPU
		{79A7693D-6017-47DE-9336-E739D9C666AE}.Ad-Hoc|Any CPU.Deploy.0 = Release|Any CPU
		{79A7693D-6017-47DE-9336-E739D9C666AE}.Ad-Hoc|ARM.ActiveCfg = Release|Any CPU
		{79A7693D-6017-47DE-9336-E739D9C666AE}.Ad-Hoc|ARM.Build.0 = Release|Any CPU
		{79A7693D-6017-47DE-9336-E739D9C666AE}.Ad-Hoc|ARM.Deploy.0 = Release|Any CPU
		{79A7693D-6017-47DE-9336-E739D9C666AE}.Ad-Hoc|iPhone.ActiveCfg = Release|Any CPU
		{79A7693D-6017-47DE-9336-E739D9C666AE}.Ad-Hoc|iPhone.Build.0 = Release|Any CPU
		{79A7693D-6017-47DE-9336-E739D9C666AE}.Ad-Hoc|iPhone.Deploy.0 = Release|Any CPU
		{79A7693D-6017-47DE-9336-E739D9C666AE}.Ad-Hoc|iPhoneSimulator.ActiveCfg = Release|Any CPU
		{79A7693D-6017-47DE-9336-E739D9C666AE}.Ad-Hoc|iPhoneSimulator.Build.0 = Release|Any CPU
		{79A7693D-6017-47DE-9336-E739D9C666AE}.Ad-Hoc|iPhoneSimulator.Deploy.0 = Release|Any CPU
		{79A7693D-6017-47DE-9336-E739D9C666AE}.Ad-Hoc|x64.ActiveCfg = Release|Any CPU
		{79A7693D-6017-47DE-9336-E739D9C666AE}.Ad-Hoc|x64.Build.0 = Release|Any CPU
		{79A7693D-6017-47DE-9336-E739D9C666AE}.Ad-Hoc|x64.Deploy.0 = Release|Any CPU
		{79A7693D-6017-47DE-9336-E739D9C666AE}.Ad-Hoc|x86.ActiveCfg = Release|Any CPU
		{79A7693D-6017-47DE-9336-E739D9C666AE}.Ad-Hoc|x86.Build.0 = Release|Any CPU
		{79A7693D-6017-47DE-9336-E739D9C666AE}.Ad-Hoc|x86.Deploy.0 = Release|Any CPU
		{79A7693D-6017-47DE-9336-E739D9C666AE}.AppStore|Any CPU.ActiveCfg = Release|Any CPU
		{79A7693D-6017-47DE-9336-E739D9C666AE}.AppStore|Any CPU.Build.0 = Release|Any CPU
		{79A7693D-6017-47DE-9336-E739D9C666AE}.AppStore|Any CPU.Deploy.0 = Release|Any CPU
		{79A7693D-6017-47DE-9336-E739D9C666AE}.AppStore|ARM.ActiveCfg = Release|Any CPU
		{79A7693D-6017-47DE-9336-E739D9C666AE}.AppStore|ARM.Build.0 = Release|Any CPU
		{79A7693D-6017-47DE-9336-E739D9C666AE}.AppStore|ARM.Deploy.0 = Release|Any CPU
		{79A7693D-6017-47DE-9336-E739D9C666AE}.AppStore|iPhone.ActiveCfg = Release|Any CPU
		{79A7693D-6017-47DE-9336-E739D9C666AE}.AppStore|iPhone.Build.0 = Release|Any CPU
		{79A7693D-6017-47DE-9336-E739D9C666AE}.AppStore|iPhone.Deploy.0 = Release|Any CPU
		{79A7693D-6017-47DE-9336-E739D9C666AE}.AppStore|iPhoneSimulator.ActiveCfg = Release|Any CPU
		{79A7693D-6017-47DE-9336-E739D9C666AE}.AppStore|iPhoneSimulator.Build.0 = Release|Any CPU
		{79A7693D-6017-47DE-9336-E739D9C666AE}.AppStore|iPhoneSimulator.Deploy.0 = Release|Any CPU
		{79A7693D-6017-47DE-9336-E739D9C666AE}.AppStore|x64.ActiveCfg = Release|Any CPU
		{79A7693D-6017-47DE-9336-E739D9C666AE}.AppStore|x64.Build.0 = Release|Any CPU
		{79A7693D-6017-47DE-9336-E739D9C666AE}.AppStore|x64.Deploy.0 = Release|Any CPU
		{79A7693D-6017-47DE-9336-E739D9C666AE}.AppStore|x86.ActiveCfg = Release|Any CPU
		{79A7693D-6017-47DE-9336-E739D9C666AE}.AppStore|x86.Build.0 = Release|Any CPU
		{79A7693D-6017-47DE-9336-E739D9C666AE}.AppStore|x86.Deploy.0 = Release|Any CPU
		{79A7693D-6017-47DE-9336-E739D9C666AE}.Debug|Any CPU.ActiveCfg = Debug|Any CPU
		{79A7693D-6017-47DE-9336-E739D9C666AE}.Debug|Any CPU.Build.0 = Debug|Any CPU
		{79A7693D-6017-47DE-9336-E739D9C666AE}.Debug|Any CPU.Deploy.0 = Debug|Any CPU
		{79A7693D-6017-47DE-9336-E739D9C666AE}.Debug|ARM.ActiveCfg = Debug|Any CPU
		{79A7693D-6017-47DE-9336-E739D9C666AE}.Debug|ARM.Build.0 = Debug|Any CPU
		{79A7693D-6017-47DE-9336-E739D9C666AE}.Debug|ARM.Deploy.0 = Debug|Any CPU
		{79A7693D-6017-47DE-9336-E739D9C666AE}.Debug|iPhone.ActiveCfg = Debug|Any CPU
		{79A7693D-6017-47DE-9336-E739D9C666AE}.Debug|iPhone.Build.0 = Debug|Any CPU
		{79A7693D-6017-47DE-9336-E739D9C666AE}.Debug|iPhone.Deploy.0 = Debug|Any CPU
		{79A7693D-6017-47DE-9336-E739D9C666AE}.Debug|iPhoneSimulator.ActiveCfg = Debug|Any CPU
		{79A7693D-6017-47DE-9336-E739D9C666AE}.Debug|iPhoneSimulator.Build.0 = Debug|Any CPU
		{79A7693D-6017-47DE-9336-E739D9C666AE}.Debug|iPhoneSimulator.Deploy.0 = Debug|Any CPU
		{79A7693D-6017-47DE-9336-E739D9C666AE}.Debug|x64.ActiveCfg = Debug|Any CPU
		{79A7693D-6017-47DE-9336-E739D9C666AE}.Debug|x64.Build.0 = Debug|Any CPU
		{79A7693D-6017-47DE-9336-E739D9C666AE}.Debug|x64.Deploy.0 = Debug|Any CPU
		{79A7693D-6017-47DE-9336-E739D9C666AE}.Debug|x86.ActiveCfg = Debug|Any CPU
		{79A7693D-6017-47DE-9336-E739D9C666AE}.Debug|x86.Build.0 = Debug|Any CPU
		{79A7693D-6017-47DE-9336-E739D9C666AE}.Debug|x86.Deploy.0 = Debug|Any CPU
		{79A7693D-6017-47DE-9336-E739D9C666AE}.Release|Any CPU.ActiveCfg = Release|Any CPU
		{79A7693D-6017-47DE-9336-E739D9C666AE}.Release|Any CPU.Build.0 = Release|Any CPU
		{79A7693D-6017-47DE-9336-E739D9C666AE}.Release|Any CPU.Deploy.0 = Release|Any CPU
		{79A7693D-6017-47DE-9336-E739D9C666AE}.Release|ARM.ActiveCfg = Release|Any CPU
		{79A7693D-6017-47DE-9336-E739D9C666AE}.Release|ARM.Build.0 = Release|Any CPU
		{79A7693D-6017-47DE-9336-E739D9C666AE}.Release|ARM.Deploy.0 = Release|Any CPU
		{79A7693D-6017-47DE-9336-E739D9C666AE}.Release|iPhone.ActiveCfg = Release|Any CPU
		{79A7693D-6017-47DE-9336-E739D9C666AE}.Release|iPhone.Build.0 = Release|Any CPU
		{79A7693D-6017-47DE-9336-E739D9C666AE}.Release|iPhone.Deploy.0 = Release|Any CPU
		{79A7693D-6017-47DE-9336-E739D9C666AE}.Release|iPhoneSimulator.ActiveCfg = Release|Any CPU
		{79A7693D-6017-47DE-9336-E739D9C666AE}.Release|iPhoneSimulator.Build.0 = Release|Any CPU
		{79A7693D-6017-47DE-9336-E739D9C666AE}.Release|iPhoneSimulator.Deploy.0 = Release|Any CPU
		{79A7693D-6017-47DE-9336-E739D9C666AE}.Release|x64.ActiveCfg = Release|Any CPU
		{79A7693D-6017-47DE-9336-E739D9C666AE}.Release|x64.Build.0 = Release|Any CPU
		{79A7693D-6017-47DE-9336-E739D9C666AE}.Release|x64.Deploy.0 = Release|Any CPU
		{79A7693D-6017-47DE-9336-E739D9C666AE}.Release|x86.ActiveCfg = Release|Any CPU
		{79A7693D-6017-47DE-9336-E739D9C666AE}.Release|x86.Build.0 = Release|Any CPU
		{79A7693D-6017-47DE-9336-E739D9C666AE}.Release|x86.Deploy.0 = Release|Any CPU
		{808F68FC-8AAA-44CC-8A94-B4B11E8EE587}.Ad-Hoc|Any CPU.ActiveCfg = Release|Any CPU
		{808F68FC-8AAA-44CC-8A94-B4B11E8EE587}.Ad-Hoc|Any CPU.Build.0 = Release|Any CPU
		{808F68FC-8AAA-44CC-8A94-B4B11E8EE587}.Ad-Hoc|ARM.ActiveCfg = Release|Any CPU
		{808F68FC-8AAA-44CC-8A94-B4B11E8EE587}.Ad-Hoc|ARM.Build.0 = Release|Any CPU
		{808F68FC-8AAA-44CC-8A94-B4B11E8EE587}.Ad-Hoc|iPhone.ActiveCfg = Release|Any CPU
		{808F68FC-8AAA-44CC-8A94-B4B11E8EE587}.Ad-Hoc|iPhone.Build.0 = Release|Any CPU
		{808F68FC-8AAA-44CC-8A94-B4B11E8EE587}.Ad-Hoc|iPhoneSimulator.ActiveCfg = Release|Any CPU
		{808F68FC-8AAA-44CC-8A94-B4B11E8EE587}.Ad-Hoc|iPhoneSimulator.Build.0 = Release|Any CPU
		{808F68FC-8AAA-44CC-8A94-B4B11E8EE587}.Ad-Hoc|x64.ActiveCfg = Release|Any CPU
		{808F68FC-8AAA-44CC-8A94-B4B11E8EE587}.Ad-Hoc|x64.Build.0 = Release|Any CPU
		{808F68FC-8AAA-44CC-8A94-B4B11E8EE587}.Ad-Hoc|x86.ActiveCfg = Release|Any CPU
		{808F68FC-8AAA-44CC-8A94-B4B11E8EE587}.Ad-Hoc|x86.Build.0 = Release|Any CPU
		{808F68FC-8AAA-44CC-8A94-B4B11E8EE587}.AppStore|Any CPU.ActiveCfg = Release|Any CPU
		{808F68FC-8AAA-44CC-8A94-B4B11E8EE587}.AppStore|Any CPU.Build.0 = Release|Any CPU
		{808F68FC-8AAA-44CC-8A94-B4B11E8EE587}.AppStore|ARM.ActiveCfg = Release|Any CPU
		{808F68FC-8AAA-44CC-8A94-B4B11E8EE587}.AppStore|ARM.Build.0 = Release|Any CPU
		{808F68FC-8AAA-44CC-8A94-B4B11E8EE587}.AppStore|iPhone.ActiveCfg = Release|Any CPU
		{808F68FC-8AAA-44CC-8A94-B4B11E8EE587}.AppStore|iPhone.Build.0 = Release|Any CPU
		{808F68FC-8AAA-44CC-8A94-B4B11E8EE587}.AppStore|iPhoneSimulator.ActiveCfg = Release|Any CPU
		{808F68FC-8AAA-44CC-8A94-B4B11E8EE587}.AppStore|iPhoneSimulator.Build.0 = Release|Any CPU
		{808F68FC-8AAA-44CC-8A94-B4B11E8EE587}.AppStore|x64.ActiveCfg = Release|Any CPU
		{808F68FC-8AAA-44CC-8A94-B4B11E8EE587}.AppStore|x64.Build.0 = Release|Any CPU
		{808F68FC-8AAA-44CC-8A94-B4B11E8EE587}.AppStore|x86.ActiveCfg = Release|Any CPU
		{808F68FC-8AAA-44CC-8A94-B4B11E8EE587}.AppStore|x86.Build.0 = Release|Any CPU
		{808F68FC-8AAA-44CC-8A94-B4B11E8EE587}.Debug|Any CPU.ActiveCfg = Debug|Any CPU
		{808F68FC-8AAA-44CC-8A94-B4B11E8EE587}.Debug|Any CPU.Build.0 = Debug|Any CPU
		{808F68FC-8AAA-44CC-8A94-B4B11E8EE587}.Debug|ARM.ActiveCfg = Debug|Any CPU
		{808F68FC-8AAA-44CC-8A94-B4B11E8EE587}.Debug|ARM.Build.0 = Debug|Any CPU
		{808F68FC-8AAA-44CC-8A94-B4B11E8EE587}.Debug|iPhone.ActiveCfg = Debug|Any CPU
		{808F68FC-8AAA-44CC-8A94-B4B11E8EE587}.Debug|iPhone.Build.0 = Debug|Any CPU
		{808F68FC-8AAA-44CC-8A94-B4B11E8EE587}.Debug|iPhoneSimulator.ActiveCfg = Debug|Any CPU
		{808F68FC-8AAA-44CC-8A94-B4B11E8EE587}.Debug|iPhoneSimulator.Build.0 = Debug|Any CPU
		{808F68FC-8AAA-44CC-8A94-B4B11E8EE587}.Debug|x64.ActiveCfg = Debug|Any CPU
		{808F68FC-8AAA-44CC-8A94-B4B11E8EE587}.Debug|x64.Build.0 = Debug|Any CPU
		{808F68FC-8AAA-44CC-8A94-B4B11E8EE587}.Debug|x86.ActiveCfg = Debug|Any CPU
		{808F68FC-8AAA-44CC-8A94-B4B11E8EE587}.Debug|x86.Build.0 = Debug|Any CPU
		{808F68FC-8AAA-44CC-8A94-B4B11E8EE587}.Release|Any CPU.ActiveCfg = Release|Any CPU
		{808F68FC-8AAA-44CC-8A94-B4B11E8EE587}.Release|Any CPU.Build.0 = Release|Any CPU
		{808F68FC-8AAA-44CC-8A94-B4B11E8EE587}.Release|ARM.ActiveCfg = Release|Any CPU
		{808F68FC-8AAA-44CC-8A94-B4B11E8EE587}.Release|ARM.Build.0 = Release|Any CPU
		{808F68FC-8AAA-44CC-8A94-B4B11E8EE587}.Release|iPhone.ActiveCfg = Release|Any CPU
		{808F68FC-8AAA-44CC-8A94-B4B11E8EE587}.Release|iPhone.Build.0 = Release|Any CPU
		{808F68FC-8AAA-44CC-8A94-B4B11E8EE587}.Release|iPhoneSimulator.ActiveCfg = Release|Any CPU
		{808F68FC-8AAA-44CC-8A94-B4B11E8EE587}.Release|iPhoneSimulator.Build.0 = Release|Any CPU
		{808F68FC-8AAA-44CC-8A94-B4B11E8EE587}.Release|x64.ActiveCfg = Release|Any CPU
		{808F68FC-8AAA-44CC-8A94-B4B11E8EE587}.Release|x64.Build.0 = Release|Any CPU
		{808F68FC-8AAA-44CC-8A94-B4B11E8EE587}.Release|x86.ActiveCfg = Release|Any CPU
		{808F68FC-8AAA-44CC-8A94-B4B11E8EE587}.Release|x86.Build.0 = Release|Any CPU
		{83477261-AF21-407F-AC7F-A8EC18E95A89}.Ad-Hoc|Any CPU.ActiveCfg = Ad-Hoc|iPhoneSimulator
		{83477261-AF21-407F-AC7F-A8EC18E95A89}.Ad-Hoc|ARM.ActiveCfg = Ad-Hoc|iPhone
		{83477261-AF21-407F-AC7F-A8EC18E95A89}.Ad-Hoc|iPhone.ActiveCfg = Ad-Hoc|iPhone
		{83477261-AF21-407F-AC7F-A8EC18E95A89}.Ad-Hoc|iPhone.Build.0 = Ad-Hoc|iPhone
		{83477261-AF21-407F-AC7F-A8EC18E95A89}.Ad-Hoc|iPhoneSimulator.ActiveCfg = Ad-Hoc|iPhoneSimulator
		{83477261-AF21-407F-AC7F-A8EC18E95A89}.Ad-Hoc|iPhoneSimulator.Build.0 = Ad-Hoc|iPhoneSimulator
		{83477261-AF21-407F-AC7F-A8EC18E95A89}.Ad-Hoc|x64.ActiveCfg = Ad-Hoc|iPhone
		{83477261-AF21-407F-AC7F-A8EC18E95A89}.Ad-Hoc|x86.ActiveCfg = Ad-Hoc|iPhone
		{83477261-AF21-407F-AC7F-A8EC18E95A89}.AppStore|Any CPU.ActiveCfg = AppStore|iPhoneSimulator
		{83477261-AF21-407F-AC7F-A8EC18E95A89}.AppStore|ARM.ActiveCfg = AppStore|iPhone
		{83477261-AF21-407F-AC7F-A8EC18E95A89}.AppStore|iPhone.ActiveCfg = AppStore|iPhone
		{83477261-AF21-407F-AC7F-A8EC18E95A89}.AppStore|iPhone.Build.0 = AppStore|iPhone
		{83477261-AF21-407F-AC7F-A8EC18E95A89}.AppStore|iPhoneSimulator.ActiveCfg = AppStore|iPhoneSimulator
		{83477261-AF21-407F-AC7F-A8EC18E95A89}.AppStore|iPhoneSimulator.Build.0 = AppStore|iPhoneSimulator
		{83477261-AF21-407F-AC7F-A8EC18E95A89}.AppStore|x64.ActiveCfg = AppStore|iPhone
		{83477261-AF21-407F-AC7F-A8EC18E95A89}.AppStore|x86.ActiveCfg = AppStore|iPhone
		{83477261-AF21-407F-AC7F-A8EC18E95A89}.Debug|Any CPU.ActiveCfg = Debug|iPhoneSimulator
		{83477261-AF21-407F-AC7F-A8EC18E95A89}.Debug|ARM.ActiveCfg = Debug|iPhone
		{83477261-AF21-407F-AC7F-A8EC18E95A89}.Debug|iPhone.ActiveCfg = Debug|iPhone
		{83477261-AF21-407F-AC7F-A8EC18E95A89}.Debug|iPhone.Build.0 = Debug|iPhone
		{83477261-AF21-407F-AC7F-A8EC18E95A89}.Debug|iPhoneSimulator.ActiveCfg = Debug|iPhoneSimulator
		{83477261-AF21-407F-AC7F-A8EC18E95A89}.Debug|iPhoneSimulator.Build.0 = Debug|iPhoneSimulator
		{83477261-AF21-407F-AC7F-A8EC18E95A89}.Debug|x64.ActiveCfg = Debug|iPhone
		{83477261-AF21-407F-AC7F-A8EC18E95A89}.Debug|x86.ActiveCfg = Debug|iPhone
		{83477261-AF21-407F-AC7F-A8EC18E95A89}.Release|Any CPU.ActiveCfg = Release|iPhoneSimulator
		{83477261-AF21-407F-AC7F-A8EC18E95A89}.Release|ARM.ActiveCfg = Release|iPhone
		{83477261-AF21-407F-AC7F-A8EC18E95A89}.Release|iPhone.ActiveCfg = Release|iPhone
		{83477261-AF21-407F-AC7F-A8EC18E95A89}.Release|iPhone.Build.0 = Release|iPhone
		{83477261-AF21-407F-AC7F-A8EC18E95A89}.Release|iPhoneSimulator.ActiveCfg = Release|iPhoneSimulator
		{83477261-AF21-407F-AC7F-A8EC18E95A89}.Release|iPhoneSimulator.Build.0 = Release|iPhoneSimulator
		{83477261-AF21-407F-AC7F-A8EC18E95A89}.Release|x64.ActiveCfg = Release|iPhone
		{83477261-AF21-407F-AC7F-A8EC18E95A89}.Release|x86.ActiveCfg = Release|iPhone
	EndGlobalSection
	GlobalSection(SolutionProperties) = preSolution
		HideSolutionNode = FALSE
	EndGlobalSection
	GlobalSection(ExtensibilityGlobals) = postSolution
		SolutionGuid = {6B9049CA-1024-4574-B0E4-D771B3BAEDD2}
	EndGlobalSection
EndGlobal
